<?xml version="1.0" encoding="utf-8"?>
<Project ToolsVersion="4.0" xmlns="http://schemas.microsoft.com/developer/msbuild/2003">
  <ItemGroup>
    <Filter Include="Source Files">
      <UniqueIdentifier>{4FC737F1-C7A5-4376-A066-2A32D752A2FF}</UniqueIdentifier>
      <Extensions>cpp;c;cc;cxx;c++;cppm;ixx;def;odl;idl;hpj;bat;asm;asmx</Extensions>
    </Filter>
    <Filter Include="Header Files">
      <UniqueIdentifier>{93995380-89BD-4b04-88EB-625FBE52EBFB}</UniqueIdentifier>
      <Extensions>h;hh;hpp;hxx;h++;hm;inl;inc;ipp;xsd</Extensions>
    </Filter>
    <Filter Include="Resource Files">
      <UniqueIdentifier>{67DA6AB6-F800-4c08-8B7A-83BB121AAD01}</UniqueIdentifier>
      <Extensions>rc;ico;cur;bmp;dlg;rc2;rct;bin;rgs;gif;jpg;jpeg;jpe;resx;tiff;tif;png;wav;mfcribbon-ms</Extensions>
    </Filter>
  </ItemGroup>
  <ItemGroup>
    <ClCompile Include="LuckyPanda.cpp">
      <Filter>Source Files</Filter>
    </ClCompile>
    <ClCompile Include="fssimplewindow.cpp">
      <Filter>Header Files</Filter>
    </ClCompile>
    <ClCompile Include="generic.cpp">
      <Filter>Header Files</Filter>
    </ClCompile>
    <ClCompile Include="graphics.cpp">
      <Filter>Header Files</Filter>
    </ClCompile>
    <ClCompile Include="poker_hand.cpp">
      <Filter>Header Files</Filter>
    </ClCompile>
    <ClCompile Include="seven_up.cpp">
      <Filter>Header Files</Filter>
    </ClCompile>
    <ClCompile Include="solitaire.cpp">
      <Filter>Header Files</Filter>
    </ClCompile>
    <ClCompile Include="text_input.cpp">
      <Filter>Header Files</Filter>
    </ClCompile>
    <ClCompile Include="yspng.cpp">
      <Filter>Header Files</Filter>
    </ClCompile>
    <ClCompile Include="yspngenc.cpp">
      <Filter>Header Files</Filter>
    </ClCompile>
    <ClCompile Include="yssimplesound.cpp">
      <Filter>Header Files</Filter>
    </ClCompile>
    <ClCompile Include="ysglfontdata.c">
      <Filter>Header Files</Filter>
    </ClCompile>
    <ClCompile Include="blackjack.cpp">
      <Filter>Header Files</Filter>
    </ClCompile>
  </ItemGroup>
  <ItemGroup>
    <ClInclude Include="ysglfontdata.h">
      <Filter>Header Files</Filter>
    </ClInclude>
    <ClInclude Include="yspng.h">
      <Filter>Header Files</Filter>
    </ClInclude>
    <ClInclude Include="yspngenc.h">
      <Filter>Header Files</Filter>
    </ClInclude>
    <ClInclude Include="yssimplesound.h">
      <Filter>Header Files</Filter>
    </ClInclude>
    <ClInclude Include="fssimplewindow.h">
      <Filter>Header Files</Filter>
    </ClInclude>
    <ClInclude Include="generic.h">
      <Filter>Header Files</Filter>
    </ClInclude>
    <ClInclude Include="graphics.h">
      <Filter>Header Files</Filter>
    </ClInclude>
    <ClInclude Include="poker_hand.h">
      <Filter>Header Files</Filter>
    </ClInclude>
    <ClInclude Include="seven_up.h">
      <Filter>Header Files</Filter>
    </ClInclude>
    <ClInclude Include="solitaire.h">
      <Filter>Header Files</Filter>
    </ClInclude>
    <ClInclude Include="text_input.h">
      <Filter>Header Files</Filter>
    </ClInclude>
    <ClInclude Include="blackjack.h">
      <Filter>Header Files</Filter>
    </ClInclude>
  </ItemGroup>
  <ItemGroup>
    <Image Include="seven_up.png">
      <Filter>Resource Files</Filter>
    </Image>
    <Image Include="sevenup.png">
      <Filter>Resource Files</Filter>
    </Image>
    <Image Include="solitaire.png">
      <Filter>Resource Files</Filter>
    </Image>
    <Image Include="welcome.png">
      <Filter>Resource Files</Filter>
    </Image>
    <Image Include="2C.png">
      <Filter>Resource Files</Filter>
    </Image>
    <Image Include="2D.png">
      <Filter>Resource Files</Filter>
    </Image>
    <Image Include="2H.png">
      <Filter>Resource Files</Filter>
    </Image>
    <Image Include="2S.png">
      <Filter>Resource Files</Filter>
    </Image>
    <Image Include="3C.png">
      <Filter>Resource Files</Filter>
    </Image>
    <Image Include="3D.png">
      <Filter>Resource Files</Filter>
    </Image>
    <Image Include="3H.png">
      <Filter>Resource Files</Filter>
    </Image>
    <Image Include="3S.png">
      <Filter>Resource Files</Filter>
    </Image>
    <Image Include="4C.png">
      <Filter>Resource Files</Filter>
    </Image>
    <Image Include="4D.png">
      <Filter>Resource Files</Filter>
    </Image>
    <Image Include="4H.png">
      <Filter>Resource Files</Filter>
    </Image>
    <Image Include="4S.png">
      <Filter>Resource Files</Filter>
    </Image>
    <Image Include="5C.png">
      <Filter>Resource Files</Filter>
    </Image>
    <Image Include="5D.png">
      <Filter>Resource Files</Filter>
    </Image>
    <Image Include="5H.png">
      <Filter>Resource Files</Filter>
    </Image>
    <Image Include="5S.png">
      <Filter>Resource Files</Filter>
    </Image>
    <Image Include="6C.png">
      <Filter>Resource Files</Filter>
    </Image>
    <Image Include="6D.png">
      <Filter>Resource Files</Filter>
    </Image>
    <Image Include="6H.png">
      <Filter>Resource Files</Filter>
    </Image>
    <Image Include="6S.png">
      <Filter>Resource Files</Filter>
    </Image>
    <Image Include="7C.png">
      <Filter>Resource Files</Filter>
    </Image>
    <Image Include="7D.png">
      <Filter>Resource Files</Filter>
    </Image>
    <Image Include="7H.png">
      <Filter>Resource Files</Filter>
    </Image>
    <Image Include="7S.png">
      <Filter>Resource Files</Filter>
    </Image>
    <Image Include="8C.png">
      <Filter>Resource Files</Filter>
    </Image>
    <Image Include="8D.png">
      <Filter>Resource Files</Filter>
    </Image>
    <Image Include="8H.png">
      <Filter>Resource Files</Filter>
    </Image>
    <Image Include="8S.png">
      <Filter>Resource Files</Filter>
    </Image>
    <Image Include="9C.png">
      <Filter>Resource Files</Filter>
    </Image>
    <Image Include="9D.png">
      <Filter>Resource Files</Filter>
    </Image>
    <Image Include="9H.png">
      <Filter>Resource Files</Filter>
    </Image>
    <Image Include="9S.png">
      <Filter>Resource Files</Filter>
    </Image>
    <Image Include="10C.png">
      <Filter>Resource Files</Filter>
    </Image>
    <Image Include="10D.png">
      <Filter>Resource Files</Filter>
    </Image>
    <Image Include="10H.png">
      <Filter>Resource Files</Filter>
    </Image>
    <Image Include="10S.png">
      <Filter>Resource Files</Filter>
    </Image>
    <Image Include="AC.png">
      <Filter>Resource Files</Filter>
    </Image>
    <Image Include="AD.png">
      <Filter>Resource Files</Filter>
    </Image>
    <Image Include="AH.png">
      <Filter>Resource Files</Filter>
    </Image>
    <Image Include="AS.png">
      <Filter>Resource Files</Filter>
    </Image>
    <Image Include="blackjack.png">
      <Filter>Resource Files</Filter>
    </Image>
    <Image Include="JC.png">
      <Filter>Resource Files</Filter>
    </Image>
    <Image Include="JD.png">
      <Filter>Resource Files</Filter>
    </Image>
    <Image Include="JH.png">
      <Filter>Resource Files</Filter>
    </Image>
    <Image Include="JS.png">
      <Filter>Resource Files</Filter>
    </Image>
    <Image Include="KC.png">
      <Filter>Resource Files</Filter>
    </Image>
    <Image Include="KD.png">
      <Filter>Resource Files</Filter>
    </Image>
    <Image Include="KH.png">
      <Filter>Resource Files</Filter>
    </Image>
    <Image Include="KS.png">
      <Filter>Resource Files</Filter>
    </Image>
    <Image Include="png1.png">
      <Filter>Resource Files</Filter>
    </Image>
    <Image Include="poker.png">
      <Filter>Resource Files</Filter>
    </Image>
    <Image Include="QC.png">
      <Filter>Resource Files</Filter>
    </Image>
    <Image Include="QD.png">
      <Filter>Resource Files</Filter>
    </Image>
    <Image Include="QH.png">
      <Filter>Resource Files</Filter>
    </Image>
    <Image Include="QS.png">
      <Filter>Resource Files</Filter>
    </Image>
    <Image Include="red_back.png">
      <Filter>Resource Files</Filter>
    </Image>
  </ItemGroup>
  <ItemGroup>
    <Media Include="applause.wav">
      <Filter>Resource Files</Filter>
    </Media>
  </ItemGroup>
</Project>